
Microsoft Visual Studio Solution File, Format Version 12.00
# Visual Studio Version 17
VisualStudioVersion = 17.9.34728.123
MinimumVisualStudioVersion = 10.0.40219.1
Project("{9A19103F-16F7-4668-BE54-9A1E7A4F7556}") = "Publisher", "Publisher\Publisher.csproj", "{E9254ED8-5B3F-49C6-BEF8-4F57EA68A4E4}"
EndProject
Project("{9A19103F-16F7-4668-BE54-9A1E7A4F7556}") = "Consumer", "Consumer\Consumer.csproj", "{AEBEBF6E-C18A-4267-8C73-AAFC7B01A9F0}"
EndProject
Project("{9A19103F-16F7-4668-BE54-9A1E7A4F7556}") = "RabbitMQ.Direct.Exchange.Publisher", "RabbitMQ.Direct.Exchange.Publisher\RabbitMQ.Direct.Exchange.Publisher.csproj", "{A201A462-120B-439A-AEFC-530B7CEA91D8}"
EndProject
Project("{9A19103F-16F7-4668-BE54-9A1E7A4F7556}") = "RabbitMQ.Direct.Exchange.Consumer", "RabbitMQ.Direct.Exchange.Consumer\RabbitMQ.Direct.Exchange.Consumer.csproj", "{7EBD4D76-B72F-4841-8F9F-0F3D5E0C40C1}"
EndProject
Project("{9A19103F-16F7-4668-BE54-9A1E7A4F7556}") = "RabbitMQ.Fanout.Exchange.Publisher", "RabbitMQ.Fanout.Exchange.Publisher\RabbitMQ.Fanout.Exchange.Publisher.csproj", "{37CD8FDD-F6F7-4300-878A-2ACDF6F05498}"
EndProject
Project("{9A19103F-16F7-4668-BE54-9A1E7A4F7556}") = "RabbitMQ.Fanout.Exchange.Consumer", "RabbitMQ.Fanout.Exchange.Consumer\RabbitMQ.Fanout.Exchange.Consumer.csproj", "{9AADA6E4-747D-40BF-BD5B-857462DFC39F}"
EndProject
Project("{FAE04EC0-301F-11D3-BF4B-00C04F79EFBC}") = "RabbitMQ.Topic.Exchange.Consumer", "RabbitMQ.Topic.Exchange.Consumer\RabbitMQ.Topic.Exchange.Consumer.csproj", "{74EB0EEB-14B4-4D76-A67C-8ECDC0E61298}"
EndProject
Project("{FAE04EC0-301F-11D3-BF4B-00C04F79EFBC}") = "RabbitMQ.Topic.Exchange.Publisher", "RabbitMQ.Topic.Exchange.Publisher\RabbitMQ.Topic.Exchange.Publisher.csproj", "{08EDBF5B-05B4-4D81-B3CC-071C4C737CFF}"
EndProject
Global
	GlobalSection(SolutionConfigurationPlatforms) = preSolution
		Debug|Any CPU = Debug|Any CPU
		Release|Any CPU = Release|Any CPU
	EndGlobalSection
	GlobalSection(ProjectConfigurationPlatforms) = postSolution
		{E9254ED8-5B3F-49C6-BEF8-4F57EA68A4E4}.Debug|Any CPU.ActiveCfg = Debug|Any CPU
		{E9254ED8-5B3F-49C6-BEF8-4F57EA68A4E4}.Debug|Any CPU.Build.0 = Debug|Any CPU
		{E9254ED8-5B3F-49C6-BEF8-4F57EA68A4E4}.Release|Any CPU.ActiveCfg = Release|Any CPU
		{E9254ED8-5B3F-49C6-BEF8-4F57EA68A4E4}.Release|Any CPU.Build.0 = Release|Any CPU
		{AEBEBF6E-C18A-4267-8C73-AAFC7B01A9F0}.Debug|Any CPU.ActiveCfg = Debug|Any CPU
		{AEBEBF6E-C18A-4267-8C73-AAFC7B01A9F0}.Debug|Any CPU.Build.0 = Debug|Any CPU
		{AEBEBF6E-C18A-4267-8C73-AAFC7B01A9F0}.Release|Any CPU.ActiveCfg = Release|Any CPU
		{AEBEBF6E-C18A-4267-8C73-AAFC7B01A9F0}.Release|Any CPU.Build.0 = Release|Any CPU
		{A201A462-120B-439A-AEFC-530B7CEA91D8}.Debug|Any CPU.ActiveCfg = Debug|Any CPU
		{A201A462-120B-439A-AEFC-530B7CEA91D8}.Debug|Any CPU.Build.0 = Debug|Any CPU
		{A201A462-120B-439A-AEFC-530B7CEA91D8}.Release|Any CPU.ActiveCfg = Release|Any CPU
		{A201A462-120B-439A-AEFC-530B7CEA91D8}.Release|Any CPU.Build.0 = Release|Any CPU
		{7EBD4D76-B72F-4841-8F9F-0F3D5E0C40C1}.Debug|Any CPU.ActiveCfg = Debug|Any CPU
		{7EBD4D76-B72F-4841-8F9F-0F3D5E0C40C1}.Debug|Any CPU.Build.0 = Debug|Any CPU
		{7EBD4D76-B72F-4841-8F9F-0F3D5E0C40C1}.Release|Any CPU.ActiveCfg = Release|Any CPU
		{7EBD4D76-B72F-4841-8F9F-0F3D5E0C40C1}.Release|Any CPU.Build.0 = Release|Any CPU
		{37CD8FDD-F6F7-4300-878A-2ACDF6F05498}.Debug|Any CPU.ActiveCfg = Debug|Any CPU
		{37CD8FDD-F6F7-4300-878A-2ACDF6F05498}.Debug|Any CPU.Build.0 = Debug|Any CPU
		{37CD8FDD-F6F7-4300-878A-2ACDF6F05498}.Release|Any CPU.ActiveCfg = Release|Any CPU
		{37CD8FDD-F6F7-4300-878A-2ACDF6F05498}.Release|Any CPU.Build.0 = Release|Any CPU
		{9AADA6E4-747D-40BF-BD5B-857462DFC39F}.Debug|Any CPU.ActiveCfg = Debug|Any CPU
		{9AADA6E4-747D-40BF-BD5B-857462DFC39F}.Debug|Any CPU.Build.0 = Debug|Any CPU
		{9AADA6E4-747D-40BF-BD5B-857462DFC39F}.Release|Any CPU.ActiveCfg = Release|Any CPU
		{9AADA6E4-747D-40BF-BD5B-857462DFC39F}.Release|Any CPU.Build.0 = Release|Any CPU
		{74EB0EEB-14B4-4D76-A67C-8ECDC0E61298}.Debug|Any CPU.ActiveCfg = Debug|Any CPU
		{74EB0EEB-14B4-4D76-A67C-8ECDC0E61298}.Debug|Any CPU.Build.0 = Debug|Any CPU
		{74EB0EEB-14B4-4D76-A67C-8ECDC0E61298}.Release|Any CPU.ActiveCfg = Release|Any CPU
		{74EB0EEB-14B4-4D76-A67C-8ECDC0E61298}.Release|Any CPU.Build.0 = Release|Any CPU
		{08EDBF5B-05B4-4D81-B3CC-071C4C737CFF}.Debug|Any CPU.ActiveCfg = Debug|Any CPU
		{08EDBF5B-05B4-4D81-B3CC-071C4C737CFF}.Debug|Any CPU.Build.0 = Debug|Any CPU
		{08EDBF5B-05B4-4D81-B3CC-071C4C737CFF}.Release|Any CPU.ActiveCfg = Release|Any CPU
		{08EDBF5B-05B4-4D81-B3CC-071C4C737CFF}.Release|Any CPU.Build.0 = Release|Any CPU
	EndGlobalSection
	GlobalSection(SolutionProperties) = preSolution
		HideSolutionNode = FALSE
	EndGlobalSection
	GlobalSection(ExtensibilityGlobals) = postSolution
		SolutionGuid = {DF465CD2-9C06-4C40-B94E-7F453AC1757D}
	EndGlobalSection
EndGlobal
